
Microsoft Visual Studio Solution File, Format Version 12.00
# Visual Studio Version 16
VisualStudioVersion = 16.0.29806.167
MinimumVisualStudioVersion = 10.0.40219.1
Project("{FAE04EC0-301F-11D3-BF4B-00C04F79EFBC}") = "cineo", "cineo\cineo.csproj", "{89FA1162-9A40-4EF9-9EDC-1CF128FB899B}"
EndProject
Global
	GlobalSection(SolutionConfigurationPlatforms) = preSolution
		Debug|Any CPU = Debug|Any CPU
		Release|Any CPU = Release|Any CPU
	EndGlobalSection
	GlobalSection(ProjectConfigurationPlatforms) = postSolution
		{89FA1162-9A40-4EF9-9EDC-1CF128FB899B}.Debug|Any CPU.ActiveCfg = Debug|Any CPU
		{89FA1162-9A40-4EF9-9EDC-1CF128FB899B}.Debug|Any CPU.Build.0 = Debug|Any CPU
		{89FA1162-9A40-4EF9-9EDC-1CF128FB899B}.Release|Any CPU.ActiveCfg = Release|Any CPU
		{89FA1162-9A40-4EF9-9EDC-1CF128FB899B}.Release|Any CPU.Build.0 = Release|Any CPU
	EndGlobalSection
	GlobalSection(SolutionProperties) = preSolution
		HideSolutionNode = FALSE
	EndGlobalSection
	GlobalSection(ExtensibilityGlobals) = postSolution
		SolutionGuid = {D735AAAD-4A16-49B8-A901-2F335D7FD6EB}
	EndGlobalSection
EndGlobal
